<Solution>
  <Folder Name="/src/">
    <Project Path="src/E3dcConnector/E3dcConnector.csproj" />
    <Project Path="src/E3dcConnector.Typed/E3dcConnector.Typed.csproj" />
  </Folder>
  <Folder Name="/test/">
    <Project Path="test/E3dcConnector.Tests/E3dcConnector.Tests.csproj" />
  </Folder>
  <Folder Name="/samples/">
    <Project Path="samples/E3dcConnector.Dashboard/E3dcConnector.Dashboard.csproj" />
  </Folder>
</Solution>
